
Microsoft Visual Studio Solution File, Format Version 12.00
# Visual Studio Version 17
VisualStudioVersion = 17.14.36616.10 d17.14
MinimumVisualStudioVersion = 10.0.40219.1
Project("{FAE04EC0-301F-11D3-BF4B-00C04F79EFBC}") = "ayham", "ayham.csproj", "{A8B19DFB-4868-4066-91C3-DE0638B57A3B}"
EndProject
Global
	GlobalSection(SolutionConfigurationPlatforms) = preSolution
		Debug|Any CPU = Debug|Any CPU
		Release|Any CPU = Release|Any CPU
	EndGlobalSection
	GlobalSection(ProjectConfigurationPlatforms) = postSolution
		{A8B19DFB-4868-4066-91C3-DE0638B57A3B}.Debug|Any CPU.ActiveCfg = Debug|Any CPU
		{A8B19DFB-4868-4066-91C3-DE0638B57A3B}.Debug|Any CPU.Build.0 = Debug|Any CPU
		{A8B19DFB-4868-4066-91C3-DE0638B57A3B}.Release|Any CPU.ActiveCfg = Release|Any CPU
		{A8B19DFB-4868-4066-91C3-DE0638B57A3B}.Release|Any CPU.Build.0 = Release|Any CPU
	EndGlobalSection
	GlobalSection(SolutionProperties) = preSolution
		HideSolutionNode = FALSE
	EndGlobalSection
	GlobalSection(ExtensibilityGlobals) = postSolution
		SolutionGuid = {BB057B78-E89B-4838-AC92-F581A855B68B}
	EndGlobalSection
EndGlobal
